
Microsoft Visual Studio Solution File, Format Version 12.00
# Visual Studio Version 17
VisualStudioVersion = 17.0.32126.317
MinimumVisualStudioVersion = 10.0.40219.1
Project("{FAE04EC0-301F-11D3-BF4B-00C04F79EFBC}") = "GenshinApp.UWP", "GenshinApp\GenshinApp.UWP\GenshinApp.UWP.csproj", "{05D815EC-7976-4F71-A2A6-3D8C4B818693}"
EndProject
Project("{FAE04EC0-301F-11D3-BF4B-00C04F79EFBC}") = "GenshinApp.Android", "GenshinApp\GenshinApp.Android\GenshinApp.Android.csproj", "{12B31129-3A7F-4383-AA5D-E6ACAB833915}"
EndProject
Project("{FAE04EC0-301F-11D3-BF4B-00C04F79EFBC}") = "GenshinApp.iOS", "GenshinApp\GenshinApp.iOS\GenshinApp.iOS.csproj", "{634DD9F4-C94D-441B-A3E4-F5D31E93D5C3}"
EndProject
Project("{FAE04EC0-301F-11D3-BF4B-00C04F79EFBC}") = "GenshinApp", "GenshinApp\GenshinApp\GenshinApp.csproj", "{28583CD1-731A-4985-888E-7B3B5AC07C66}"
EndProject
Global
	GlobalSection(SolutionConfigurationPlatforms) = preSolution
		Debug|Any CPU = Debug|Any CPU
		Debug|ARM = Debug|ARM
		Debug|iPhone = Debug|iPhone
		Debug|iPhoneSimulator = Debug|iPhoneSimulator
		Debug|x64 = Debug|x64
		Debug|x86 = Debug|x86
		Release|Any CPU = Release|Any CPU
		Release|ARM = Release|ARM
		Release|iPhone = Release|iPhone
		Release|iPhoneSimulator = Release|iPhoneSimulator
		Release|x64 = Release|x64
		Release|x86 = Release|x86
	EndGlobalSection
	GlobalSection(ProjectConfigurationPlatforms) = postSolution
		{05D815EC-7976-4F71-A2A6-3D8C4B818693}.Debug|Any CPU.ActiveCfg = Debug|x64
		{05D815EC-7976-4F71-A2A6-3D8C4B818693}.Debug|Any CPU.Build.0 = Debug|x64
		{05D815EC-7976-4F71-A2A6-3D8C4B818693}.Debug|Any CPU.Deploy.0 = Debug|x64
		{05D815EC-7976-4F71-A2A6-3D8C4B818693}.Debug|ARM.ActiveCfg = Debug|ARM
		{05D815EC-7976-4F71-A2A6-3D8C4B818693}.Debug|ARM.Build.0 = Debug|ARM
		{05D815EC-7976-4F71-A2A6-3D8C4B818693}.Debug|ARM.Deploy.0 = Debug|ARM
		{05D815EC-7976-4F71-A2A6-3D8C4B818693}.Debug|iPhone.ActiveCfg = Debug|x64
		{05D815EC-7976-4F71-A2A6-3D8C4B818693}.Debug|iPhone.Build.0 = Debug|x64
		{05D815EC-7976-4F71-A2A6-3D8C4B818693}.Debug|iPhone.Deploy.0 = Debug|x64
		{05D815EC-7976-4F71-A2A6-3D8C4B818693}.Debug|iPhoneSimulator.ActiveCfg = Debug|x64
		{05D815EC-7976-4F71-A2A6-3D8C4B818693}.Debug|iPhoneSimulator.Build.0 = Debug|x64
		{05D815EC-7976-4F71-A2A6-3D8C4B818693}.Debug|iPhoneSimulator.Deploy.0 = Debug|x64
		{05D815EC-7976-4F71-A2A6-3D8C4B818693}.Debug|x64.ActiveCfg = Debug|x64
		{05D815EC-7976-4F71-A2A6-3D8C4B818693}.Debug|x64.Build.0 = Debug|x64
		{05D815EC-7976-4F71-A2A6-3D8C4B818693}.Debug|x64.Deploy.0 = Debug|x64
		{05D815EC-7976-4F71-A2A6-3D8C4B818693}.Debug|x86.ActiveCfg = Debug|x86
		{05D815EC-7976-4F71-A2A6-3D8C4B818693}.Debug|x86.Build.0 = Debug|x86
		{05D815EC-7976-4F71-A2A6-3D8C4B818693}.Debug|x86.Deploy.0 = Debug|x86
		{05D815EC-7976-4F71-A2A6-3D8C4B818693}.Release|Any CPU.ActiveCfg = Release|x64
		{05D815EC-7976-4F71-A2A6-3D8C4B818693}.Release|Any CPU.Build.0 = Release|x64
		{05D815EC-7976-4F71-A2A6-3D8C4B818693}.Release|Any CPU.Deploy.0 = Release|x64
		{05D815EC-7976-4F71-A2A6-3D8C4B818693}.Release|ARM.ActiveCfg = Release|ARM
		{05D815EC-7976-4F71-A2A6-3D8C4B818693}.Release|ARM.Build.0 = Release|ARM
		{05D815EC-7976-4F71-A2A6-3D8C4B818693}.Release|ARM.Deploy.0 = Release|ARM
		{05D815EC-7976-4F71-A2A6-3D8C4B818693}.Release|iPhone.ActiveCfg = Release|x64
		{05D815EC-7976-4F71-A2A6-3D8C4B818693}.Release|iPhone.Build.0 = Release|x64
		{05D815EC-7976-4F71-A2A6-3D8C4B818693}.Release|iPhone.Deploy.0 = Release|x64
		{05D815EC-7976-4F71-A2A6-3D8C4B818693}.Release|iPhoneSimulator.ActiveCfg = Release|x64
		{05D815EC-7976-4F71-A2A6-3D8C4B818693}.Release|iPhoneSimulator.Build.0 = Release|x64
		{05D815EC-7976-4F71-A2A6-3D8C4B818693}.Release|iPhoneSimulator.Deploy.0 = Release|x64
		{05D815EC-7976-4F71-A2A6-3D8C4B818693}.Release|x64.ActiveCfg = Release|x64
		{05D815EC-7976-4F71-A2A6-3D8C4B818693}.Release|x64.Build.0 = Release|x64
		{05D815EC-7976-4F71-A2A6-3D8C4B818693}.Release|x64.Deploy.0 = Release|x64
		{05D815EC-7976-4F71-A2A6-3D8C4B818693}.Release|x86.ActiveCfg = Release|x86
		{05D815EC-7976-4F71-A2A6-3D8C4B818693}.Release|x86.Build.0 = Release|x86
		{05D815EC-7976-4F71-A2A6-3D8C4B818693}.Release|x86.Deploy.0 = Release|x86
		{12B31129-3A7F-4383-AA5D-E6ACAB833915}.Debug|Any CPU.ActiveCfg = Debug|Any CPU
		{12B31129-3A7F-4383-AA5D-E6ACAB833915}.Debug|Any CPU.Build.0 = Debug|Any CPU
		{12B31129-3A7F-4383-AA5D-E6ACAB833915}.Debug|Any CPU.Deploy.0 = Debug|Any CPU
		{12B31129-3A7F-4383-AA5D-E6ACAB833915}.Debug|ARM.ActiveCfg = Debug|Any CPU
		{12B31129-3A7F-4383-AA5D-E6ACAB833915}.Debug|ARM.Build.0 = Debug|Any CPU
		{12B31129-3A7F-4383-AA5D-E6ACAB833915}.Debug|ARM.Deploy.0 = Debug|Any CPU
		{12B31129-3A7F-4383-AA5D-E6ACAB833915}.Debug|iPhone.ActiveCfg = Debug|Any CPU
		{12B31129-3A7F-4383-AA5D-E6ACAB833915}.Debug|iPhone.Build.0 = Debug|Any CPU
		{12B31129-3A7F-4383-AA5D-E6ACAB833915}.Debug|iPhone.Deploy.0 = Debug|Any CPU
		{12B31129-3A7F-4383-AA5D-E6ACAB833915}.Debug|iPhoneSimulator.ActiveCfg = Debug|Any CPU
		{12B31129-3A7F-4383-AA5D-E6ACAB833915}.Debug|iPhoneSimulator.Build.0 = Debug|Any CPU
		{12B31129-3A7F-4383-AA5D-E6ACAB833915}.Debug|iPhoneSimulator.Deploy.0 = Debug|Any CPU
		{12B31129-3A7F-4383-AA5D-E6ACAB833915}.Debug|x64.ActiveCfg = Debug|Any CPU
		{12B31129-3A7F-4383-AA5D-E6ACAB833915}.Debug|x64.Build.0 = Debug|Any CPU
		{12B31129-3A7F-4383-AA5D-E6ACAB833915}.Debug|x64.Deploy.0 = Debug|Any CPU
		{12B31129-3A7F-4383-AA5D-E6ACAB833915}.Debug|x86.ActiveCfg = Debug|Any CPU
		{12B31129-3A7F-4383-AA5D-E6ACAB833915}.Debug|x86.Build.0 = Debug|Any CPU
		{12B31129-3A7F-4383-AA5D-E6ACAB833915}.Debug|x86.Deploy.0 = Debug|Any CPU
		{12B31129-3A7F-4383-AA5D-E6ACAB833915}.Release|Any CPU.ActiveCfg = Release|Any CPU
		{12B31129-3A7F-4383-AA5D-E6ACAB833915}.Release|Any CPU.Build.0 = Release|Any CPU
		{12B31129-3A7F-4383-AA5D-E6ACAB833915}.Release|Any CPU.Deploy.0 = Release|Any CPU
		{12B31129-3A7F-4383-AA5D-E6ACAB833915}.Release|ARM.ActiveCfg = Release|Any CPU
		{12B31129-3A7F-4383-AA5D-E6ACAB833915}.Release|ARM.Build.0 = Release|Any CPU
		{12B31129-3A7F-4383-AA5D-E6ACAB833915}.Release|ARM.Deploy.0 = Release|Any CPU
		{12B31129-3A7F-4383-AA5D-E6ACAB833915}.Release|iPhone.ActiveCfg = Release|Any CPU
		{12B31129-3A7F-4383-AA5D-E6ACAB833915}.Release|iPhone.Build.0 = Release|Any CPU
		{12B31129-3A7F-4383-AA5D-E6ACAB833915}.Release|iPhone.Deploy.0 = Release|Any CPU
		{12B31129-3A7F-4383-AA5D-E6ACAB833915}.Release|iPhoneSimulator.ActiveCfg = Release|Any CPU
		{12B31129-3A7F-4383-AA5D-E6ACAB833915}.Release|iPhoneSimulator.Build.0 = Release|Any CPU
		{12B31129-3A7F-4383-AA5D-E6ACAB833915}.Release|iPhoneSimulator.Deploy.0 = Release|Any CPU
		{12B31129-3A7F-4383-AA5D-E6ACAB833915}.Release|x64.ActiveCfg = Release|Any CPU
		{12B31129-3A7F-4383-AA5D-E6ACAB833915}.Release|x64.Build.0 = Release|Any CPU
		{12B31129-3A7F-4383-AA5D-E6ACAB833915}.Release|x64.Deploy.0 = Release|Any CPU
		{12B31129-3A7F-4383-AA5D-E6ACAB833915}.Release|x86.ActiveCfg = Release|Any CPU
		{12B31129-3A7F-4383-AA5D-E6ACAB833915}.Release|x86.Build.0 = Release|Any CPU
		{12B31129-3A7F-4383-AA5D-E6ACAB833915}.Release|x86.Deploy.0 = Release|Any CPU
		{634DD9F4-C94D-441B-A3E4-F5D31E93D5C3}.Debug|Any CPU.ActiveCfg = Debug|iPhoneSimulator
		{634DD9F4-C94D-441B-A3E4-F5D31E93D5C3}.Debug|Any CPU.Build.0 = Debug|iPhoneSimulator
		{634DD9F4-C94D-441B-A3E4-F5D31E93D5C3}.Debug|Any CPU.Deploy.0 = Debug|iPhoneSimulator
		{634DD9F4-C94D-441B-A3E4-F5D31E93D5C3}.Debug|ARM.ActiveCfg = Debug|iPhoneSimulator
		{634DD9F4-C94D-441B-A3E4-F5D31E93D5C3}.Debug|ARM.Build.0 = Debug|iPhoneSimulator
		{634DD9F4-C94D-441B-A3E4-F5D31E93D5C3}.Debug|ARM.Deploy.0 = Debug|iPhoneSimulator
		{634DD9F4-C94D-441B-A3E4-F5D31E93D5C3}.Debug|iPhone.ActiveCfg = Debug|iPhone
		{634DD9F4-C94D-441B-A3E4-F5D31E93D5C3}.Debug|iPhone.Build.0 = Debug|iPhone
		{634DD9F4-C94D-441B-A3E4-F5D31E93D5C3}.Debug|iPhone.Deploy.0 = Debug|iPhone
		{634DD9F4-C94D-441B-A3E4-F5D31E93D5C3}.Debug|iPhoneSimulator.ActiveCfg = Debug|iPhoneSimulator
		{634DD9F4-C94D-441B-A3E4-F5D31E93D5C3}.Debug|iPhoneSimulator.Build.0 = Debug|iPhoneSimulator
		{634DD9F4-C94D-441B-A3E4-F5D31E93D5C3}.Debug|iPhoneSimulator.Deploy.0 = Debug|iPhoneSimulator
		{634DD9F4-C94D-441B-A3E4-F5D31E93D5C3}.Debug|x64.ActiveCfg = Debug|iPhone
		{634DD9F4-C94D-441B-A3E4-F5D31E93D5C3}.Debug|x64.Build.0 = Debug|iPhone
		{634DD9F4-C94D-441B-A3E4-F5D31E93D5C3}.Debug|x64.Deploy.0 = Debug|iPhone
		{634DD9F4-C94D-441B-A3E4-F5D31E93D5C3}.Debug|x86.ActiveCfg = Debug|iPhoneSimulator
		{634DD9F4-C94D-441B-A3E4-F5D31E93D5C3}.Debug|x86.Build.0 = Debug|iPhoneSimulator
		{634DD9F4-C94D-441B-A3E4-F5D31E93D5C3}.Debug|x86.Deploy.0 = Debug|iPhoneSimulator
		{634DD9F4-C94D-441B-A3E4-F5D31E93D5C3}.Release|Any CPU.ActiveCfg = Release|iPhoneSimulator
		{634DD9F4-C94D-441B-A3E4-F5D31E93D5C3}.Release|Any CPU.Build.0 = Release|iPhoneSimulator
		{634DD9F4-C94D-441B-A3E4-F5D31E93D5C3}.Release|Any CPU.Deploy.0 = Release|iPhoneSimulator
		{634DD9F4-C94D-441B-A3E4-F5D31E93D5C3}.Release|ARM.ActiveCfg = Release|iPhoneSimulator
		{634DD9F4-C94D-441B-A3E4-F5D31E93D5C3}.Release|ARM.Build.0 = Release|iPhoneSimulator
		{634DD9F4-C94D-441B-A3E4-F5D31E93D5C3}.Release|ARM.Deploy.0 = Release|iPhoneSimulator
		{634DD9F4-C94D-441B-A3E4-F5D31E93D5C3}.Release|iPhone.ActiveCfg = Release|iPhone
		{634DD9F4-C94D-441B-A3E4-F5D31E93D5C3}.Release|iPhone.Build.0 = Release|iPhone
		{634DD9F4-C94D-441B-A3E4-F5D31E93D5C3}.Release|iPhone.Deploy.0 = Release|iPhone
		{634DD9F4-C94D-441B-A3E4-F5D31E93D5C3}.Release|iPhoneSimulator.ActiveCfg = Release|iPhoneSimulator
		{634DD9F4-C94D-441B-A3E4-F5D31E93D5C3}.Release|iPhoneSimulator.Build.0 = Release|iPhoneSimulator
		{634DD9F4-C94D-441B-A3E4-F5D31E93D5C3}.Release|iPhoneSimulator.Deploy.0 = Release|iPhoneSimulator
		{634DD9F4-C94D-441B-A3E4-F5D31E93D5C3}.Release|x64.ActiveCfg = Release|iPhoneSimulator
		{634DD9F4-C94D-441B-A3E4-F5D31E93D5C3}.Release|x64.Build.0 = Release|iPhoneSimulator
		{634DD9F4-C94D-441B-A3E4-F5D31E93D5C3}.Release|x64.Deploy.0 = Release|iPhoneSimulator
		{634DD9F4-C94D-441B-A3E4-F5D31E93D5C3}.Release|x86.ActiveCfg = Release|iPhoneSimulator
		{634DD9F4-C94D-441B-A3E4-F5D31E93D5C3}.Release|x86.Build.0 = Release|iPhoneSimulator
		{634DD9F4-C94D-441B-A3E4-F5D31E93D5C3}.Release|x86.Deploy.0 = Release|iPhoneSimulator
		{28583CD1-731A-4985-888E-7B3B5AC07C66}.Debug|Any CPU.ActiveCfg = Debug|Any CPU
		{28583CD1-731A-4985-888E-7B3B5AC07C66}.Debug|Any CPU.Build.0 = Debug|Any CPU
		{28583CD1-731A-4985-888E-7B3B5AC07C66}.Debug|Any CPU.Deploy.0 = Debug|Any CPU
		{28583CD1-731A-4985-888E-7B3B5AC07C66}.Debug|ARM.ActiveCfg = Debug|Any CPU
		{28583CD1-731A-4985-888E-7B3B5AC07C66}.Debug|ARM.Build.0 = Debug|Any CPU
		{28583CD1-731A-4985-888E-7B3B5AC07C66}.Debug|ARM.Deploy.0 = Debug|Any CPU
		{28583CD1-731A-4985-888E-7B3B5AC07C66}.Debug|iPhone.ActiveCfg = Debug|Any CPU
		{28583CD1-731A-4985-888E-7B3B5AC07C66}.Debug|iPhone.Build.0 = Debug|Any CPU
		{28583CD1-731A-4985-888E-7B3B5AC07C66}.Debug|iPhone.Deploy.0 = Debug|Any CPU
		{28583CD1-731A-4985-888E-7B3B5AC07C66}.Debug|iPhoneSimulator.ActiveCfg = Debug|Any CPU
		{28583CD1-731A-4985-888E-7B3B5AC07C66}.Debug|iPhoneSimulator.Build.0 = Debug|Any CPU
		{28583CD1-731A-4985-888E-7B3B5AC07C66}.Debug|iPhoneSimulator.Deploy.0 = Debug|Any CPU
		{28583CD1-731A-4985-888E-7B3B5AC07C66}.Debug|x64.ActiveCfg = Debug|Any CPU
		{28583CD1-731A-4985-888E-7B3B5AC07C66}.Debug|x64.Build.0 = Debug|Any CPU
		{28583CD1-731A-4985-888E-7B3B5AC07C66}.Debug|x64.Deploy.0 = Debug|Any CPU
		{28583CD1-731A-4985-888E-7B3B5AC07C66}.Debug|x86.ActiveCfg = Debug|Any CPU
		{28583CD1-731A-4985-888E-7B3B5AC07C66}.Debug|x86.Build.0 = Debug|Any CPU
		{28583CD1-731A-4985-888E-7B3B5AC07C66}.Debug|x86.Deploy.0 = Debug|Any CPU
		{28583CD1-731A-4985-888E-7B3B5AC07C66}.Release|Any CPU.ActiveCfg = Release|Any CPU
		{28583CD1-731A-4985-888E-7B3B5AC07C66}.Release|Any CPU.Build.0 = Release|Any CPU
		{28583CD1-731A-4985-888E-7B3B5AC07C66}.Release|Any CPU.Deploy.0 = Release|Any CPU
		{28583CD1-731A-4985-888E-7B3B5AC07C66}.Release|ARM.ActiveCfg = Release|Any CPU
		{28583CD1-731A-4985-888E-7B3B5AC07C66}.Release|ARM.Build.0 = Release|Any CPU
		{28583CD1-731A-4985-888E-7B3B5AC07C66}.Release|ARM.Deploy.0 = Release|Any CPU
		{28583CD1-731A-4985-888E-7B3B5AC07C66}.Release|iPhone.ActiveCfg = Release|Any CPU
		{28583CD1-731A-4985-888E-7B3B5AC07C66}.Release|iPhone.Build.0 = Release|Any CPU
		{28583CD1-731A-4985-888E-7B3B5AC07C66}.Release|iPhone.Deploy.0 = Release|Any CPU
		{28583CD1-731A-4985-888E-7B3B5AC07C66}.Release|iPhoneSimulator.ActiveCfg = Release|Any CPU
		{28583CD1-731A-4985-888E-7B3B5AC07C66}.Release|iPhoneSimulator.Build.0 = Release|Any CPU
		{28583CD1-731A-4985-888E-7B3B5AC07C66}.Release|iPhoneSimulator.Deploy.0 = Release|Any CPU
		{28583CD1-731A-4985-888E-7B3B5AC07C66}.Release|x64.ActiveCfg = Release|Any CPU
		{28583CD1-731A-4985-888E-7B3B5AC07C66}.Release|x64.Build.0 = Release|Any CPU
		{28583CD1-731A-4985-888E-7B3B5AC07C66}.Release|x64.Deploy.0 = Release|Any CPU
		{28583CD1-731A-4985-888E-7B3B5AC07C66}.Release|x86.ActiveCfg = Release|Any CPU
		{28583CD1-731A-4985-888E-7B3B5AC07C66}.Release|x86.Build.0 = Release|Any CPU
		{28583CD1-731A-4985-888E-7B3B5AC07C66}.Release|x86.Deploy.0 = Release|Any CPU
	EndGlobalSection
	GlobalSection(SolutionProperties) = preSolution
		HideSolutionNode = FALSE
	EndGlobalSection
	GlobalSection(ExtensibilityGlobals) = postSolution
		SolutionGuid = {4492E2AF-1B34-4FB8-8446-7F8915504206}
	EndGlobalSection
EndGlobal
